PODS:
  - MBCircularProgressBar (0.3.4)
  - MGSwipeTableCell (1.5.3)
  - Underscore.m (0.3.0)

DEPENDENCIES:
  - MBCircularProgressBar
  - MGSwipeTableCell
  - Underscore.m

SPEC CHECKSUMS:
  MBCircularProgressBar: ff3b8e2f441214d9ee122a24ba0d4d00cc7de881
  MGSwipeTableCell: 5ae3b9a15efda26b201adc8676b24040febe6ff6
  Underscore.m: dc9ca06fe2c9a79d01ce20c3d2c1e8f91f2d92dc

COCOAPODS: 0.39.0
