// !$*UTF8*$!
{
	archiveVersion = 1;
	classes = {
	};
	objectVersion = 46;
	objects = {

/* Begin PBXBuildFile section */
		5A20BA691C615B0100F127DB /* AddViewController.m in Sources */ = {isa = PBXBuildFile; fileRef = 5A20BA681C615B0100F127DB /* AddViewController.m */; };
		5A3F00551C6B255A00054BDD /* DetailViewController.m in Sources */ = {isa = PBXBuildFile; fileRef = 5A3F00541C6B255A00054BDD /* DetailViewController.m */; };
		5A3F00581C6BD70900054BDD /* DateUtils.m in Sources */ = {isa = PBXBuildFile; fileRef = 5A3F00571C6BD70900054BDD /* DateUtils.m */; };
		5A4B9B6A1C5AA511000A7537 /* People.m in Sources */ = {isa = PBXBuildFile; fileRef = 5A4B9B691C5AA511000A7537 /* People.m */; };
		5AB8E5BF1C4F6A330062688E /* main.m in Sources */ = {isa = PBXBuildFile; fileRef = 5AB8E5BE1C4F6A330062688E /* main.m */; };
		5AB8E5C21C4F6A330062688E /* AppDelegate.m in Sources */ = {isa = PBXBuildFile; fileRef = 5AB8E5C11C4F6A330062688E /* AppDelegate.m */; };
		5AB8E5C51C4F6A330062688E /* ViewController.m in Sources */ = {isa = PBXBuildFile; fileRef = 5AB8E5C41C4F6A330062688E /* ViewController.m */; };
		5AB8E5C81C4F6A330062688E /* Main.storyboard in Resources */ = {isa = PBXBuildFile; fileRef = 5AB8E5C61C4F6A330062688E /* Main.storyboard */; };
		5AB8E5CA1C4F6A330062688E /* Assets.xcassets in Resources */ = {isa = PBXBuildFile; fileRef = 5AB8E5C91C4F6A330062688E /* Assets.xcassets */; };
		5AB8E5CD1C4F6A330062688E /* LaunchScreen.storyboard in Resources */ = {isa = PBXBuildFile; fileRef = 5AB8E5CB1C4F6A330062688E /* LaunchScreen.storyboard */; };
		5AB8E5D61C4F6E1C0062688E /* PeopleStore.m in Sources */ = {isa = PBXBuildFile; fileRef = 5AB8E5D51C4F6E1C0062688E /* PeopleStore.m */; };
		5AB8E5DB1C4FDA970062688E /* Person.m in Sources */ = {isa = PBXBuildFile; fileRef = 5AB8E5DA1C4FDA970062688E /* Person.m */; };
/* End PBXBuildFile section */

/* Begin PBXFileReference section */
		5A20BA671C615B0100F127DB /* AddViewController.h */ = {isa = PBXFileReference; fileEncoding = 4; lastKnownFileType = sourcecode.c.h; path = AddViewController.h; sourceTree = "<group>"; };
		5A20BA681C615B0100F127DB /* AddViewController.m */ = {isa = PBXFileReference; fileEncoding = 4; lastKnownFileType = sourcecode.c.objc; path = AddViewController.m; sourceTree = "<group>"; };
		5A3F00531C6B255A00054BDD /* DetailViewController.h */ = {isa = PBXFileReference; fileEncoding = 4; lastKnownFileType = sourcecode.c.h; path = DetailViewController.h; sourceTree = "<group>"; };
		5A3F00541C6B255A00054BDD /* DetailViewController.m */ = {isa = PBXFileReference; fileEncoding = 4; lastKnownFileType = sourcecode.c.objc; path = DetailViewController.m; sourceTree = "<group>"; };
		5A3F00561C6BD70900054BDD /* DateUtils.h */ = {isa = PBXFileReference; fileEncoding = 4; lastKnownFileType = sourcecode.c.h; path = DateUtils.h; sourceTree = "<group>"; };
		5A3F00571C6BD70900054BDD /* DateUtils.m */ = {isa = PBXFileReference; fileEncoding = 4; lastKnownFileType = sourcecode.c.objc; path = DateUtils.m; sourceTree = "<group>"; };
		5A4B9B681C5AA511000A7537 /* People.h */ = {isa = PBXFileReference; fileEncoding = 4; lastKnownFileType = sourcecode.c.h; path = People.h; sourceTree = "<group>"; };
		5A4B9B691C5AA511000A7537 /* People.m */ = {isa = PBXFileReference; fileEncoding = 4; lastKnownFileType = sourcecode.c.objc; path = People.m; sourceTree = "<group>"; };
		5AB8E5BA1C4F6A330062688E /* AppDembel.app */ = {isa = PBXFileReference; explicitFileType = wrapper.application; includeInIndex = 0; path = AppDembel.app; sourceTree = BUILT_PRODUCTS_DIR; };
		5AB8E5BE1C4F6A330062688E /* main.m */ = {isa = PBXFileReference; lastKnownFileType = sourcecode.c.objc; path = main.m; sourceTree = "<group>"; };
		5AB8E5C01C4F6A330062688E /* AppDelegate.h */ = {isa = PBXFileReference; lastKnownFileType = sourcecode.c.h; path = AppDelegate.h; sourceTree = "<group>"; };
		5AB8E5C11C4F6A330062688E /* AppDelegate.m */ = {isa = PBXFileReference; lastKnownFileType = sourcecode.c.objc; path = AppDelegate.m; sourceTree = "<group>"; };
		5AB8E5C31C4F6A330062688E /* ViewController.h */ = {isa = PBXFileReference; lastKnownFileType = sourcecode.c.h; path = ViewController.h; sourceTree = "<group>"; };
		5AB8E5C41C4F6A330062688E /* ViewController.m */ = {isa = PBXFileReference; lastKnownFileType = sourcecode.c.objc; path = ViewController.m; sourceTree = "<group>"; };
		5AB8E5C71C4F6A330062688E /* Base */ = {isa = PBXFileReference; lastKnownFileType = file.storyboard; name = Base; path = Base.lproj/Main.storyboard; sourceTree = "<group>"; };
		5AB8E5C91C4F6A330062688E /* Assets.xcassets */ = {isa = PBXFileReference; lastKnownFileType = folder.assetcatalog; path = Assets.xcassets; sourceTree = "<group>"; };
		5AB8E5CC1C4F6A330062688E /* Base */ = {isa = PBXFileReference; lastKnownFileType = file.storyboard; name = Base; path = Base.lproj/LaunchScreen.storyboard; sourceTree = "<group>"; };
		5AB8E5CE1C4F6A330062688E /* Info.plist */ = {isa = PBXFileReference; lastKnownFileType = text.plist.xml; path = Info.plist; sourceTree = "<group>"; };
		5AB8E5D41C4F6E1C0062688E /* PeopleStore.h */ = {isa = PBXFileReference; fileEncoding = 4; lastKnownFileType = sourcecode.c.h; path = PeopleStore.h; sourceTree = "<group>"; };
		5AB8E5D51C4F6E1C0062688E /* PeopleStore.m */ = {isa = PBXFileReference; fileEncoding = 4; lastKnownFileType = sourcecode.c.objc; path = PeopleStore.m; sourceTree = "<group>"; };
		5AB8E5D91C4FDA970062688E /* Person.h */ = {isa = PBXFileReference; fileEncoding = 4; lastKnownFileType = sourcecode.c.h; path = Person.h; sourceTree = "<group>"; };
		5AB8E5DA1C4FDA970062688E /* Person.m */ = {isa = PBXFileReference; fileEncoding = 4; lastKnownFileType = sourcecode.c.objc; path = Person.m; sourceTree = "<group>"; };
/* End PBXFileReference section */

/* Begin PBXFrameworksBuildPhase section */
		5AB8E5B71C4F6A330062688E /* Frameworks */ = {
			isa = PBXFrameworksBuildPhase;
			buildActionMask = 2147483647;
			files = (
			);
			runOnlyForDeploymentPostprocessing = 0;
		};
/* End PBXFrameworksBuildPhase section */

/* Begin PBXGroup section */
		5A6062ED1C6557F80002E44C /* View */ = {
			isa = PBXGroup;
			children = (
				5AB8E5C61C4F6A330062688E /* Main.storyboard */,
			);
			name = View;
			sourceTree = "<group>";
		};
		5A6062EF1C6558920002E44C /* Model */ = {
			isa = PBXGroup;
			children = (
				5A4B9B681C5AA511000A7537 /* People.h */,
				5A4B9B691C5AA511000A7537 /* People.m */,
				5AB8E5D91C4FDA970062688E /* Person.h */,
				5AB8E5DA1C4FDA970062688E /* Person.m */,
				5A3F00561C6BD70900054BDD /* DateUtils.h */,
				5A3F00571C6BD70900054BDD /* DateUtils.m */,
			);
			name = Model;
			sourceTree = "<group>";
		};
		5A6062F01C65589B0002E44C /* Controller */ = {
			isa = PBXGroup;
			children = (
				5A20BA671C615B0100F127DB /* AddViewController.h */,
				5A20BA681C615B0100F127DB /* AddViewController.m */,
				5AB8E5C31C4F6A330062688E /* ViewController.h */,
				5AB8E5C41C4F6A330062688E /* ViewController.m */,
				5A3F00531C6B255A00054BDD /* DetailViewController.h */,
				5A3F00541C6B255A00054BDD /* DetailViewController.m */,
			);
			name = Controller;
			sourceTree = "<group>";
		};
		5A6062F11C6558D60002E44C /* Data */ = {
			isa = PBXGroup;
			children = (
				5AB8E5D41C4F6E1C0062688E /* PeopleStore.h */,
				5AB8E5D51C4F6E1C0062688E /* PeopleStore.m */,
			);
			name = Data;
			sourceTree = "<group>";
		};
		5AB8E5B11C4F6A330062688E = {
			isa = PBXGroup;
			children = (
				5AB8E5BC1C4F6A330062688E /* AppDembel */,
				5AB8E5BB1C4F6A330062688E /* Products */,
			);
			sourceTree = "<group>";
		};
		5AB8E5BB1C4F6A330062688E /* Products */ = {
			isa = PBXGroup;
			children = (
				5AB8E5BA1C4F6A330062688E /* AppDembel.app */,
			);
			name = Products;
			sourceTree = "<group>";
		};
		5AB8E5BC1C4F6A330062688E /* AppDembel */ = {
			isa = PBXGroup;
			children = (
				5A6062F11C6558D60002E44C /* Data */,
				5A6062ED1C6557F80002E44C /* View */,
				5A6062EF1C6558920002E44C /* Model */,
				5A6062F01C65589B0002E44C /* Controller */,
				5AB8E5C01C4F6A330062688E /* AppDelegate.h */,
				5AB8E5C11C4F6A330062688E /* AppDelegate.m */,
				5AB8E5BD1C4F6A330062688E /* Supporting Files */,
			);
			path = AppDembel;
			sourceTree = "<group>";
		};
		5AB8E5BD1C4F6A330062688E /* Supporting Files */ = {
			isa = PBXGroup;
			children = (
				5AB8E5C91C4F6A330062688E /* Assets.xcassets */,
				5AB8E5CB1C4F6A330062688E /* LaunchScreen.storyboard */,
				5AB8E5CE1C4F6A330062688E /* Info.plist */,
				5AB8E5BE1C4F6A330062688E /* main.m */,
			);
			name = "Supporting Files";
			sourceTree = "<group>";
		};
/* End PBXGroup section */

/* Begin PBXNativeTarget section */
		5AB8E5B91C4F6A330062688E /* AppDembel */ = {
			isa = PBXNativeTarget;
			buildConfigurationList = 5AB8E5D11C4F6A330062688E /* Build configuration list for PBXNativeTarget "AppDembel" */;
			buildPhases = (
				5AB8E5B61C4F6A330062688E /* Sources */,
				5AB8E5B71C4F6A330062688E /* Frameworks */,
				5AB8E5B81C4F6A330062688E /* Resources */,
			);
			buildRules = (
			);
			dependencies = (
			);
			name = AppDembel;
			productName = AppDembel;
			productReference = 5AB8E5BA1C4F6A330062688E /* AppDembel.app */;
			productType = "com.apple.product-type.application";
		};
/* End PBXNativeTarget section */

/* Begin PBXProject section */
		5AB8E5B21C4F6A330062688E /* Project object */ = {
			isa = PBXProject;
			attributes = {
				LastUpgradeCheck = 0720;
				ORGANIZATIONNAME = "Дмитрий Горбачев";
				TargetAttributes = {
					5AB8E5B91C4F6A330062688E = {
						CreatedOnToolsVersion = 7.2;
					};
				};
			};
			buildConfigurationList = 5AB8E5B51C4F6A330062688E /* Build configuration list for PBXProject "AppDembel" */;
			compatibilityVersion = "Xcode 3.2";
			developmentRegion = English;
			hasScannedForEncodings = 0;
			knownRegions = (
				en,
				Base,
			);
			mainGroup = 5AB8E5B11C4F6A330062688E;
			productRefGroup = 5AB8E5BB1C4F6A330062688E /* Products */;
			projectDirPath = "";
			projectRoot = "";
			targets = (
				5AB8E5B91C4F6A330062688E /* AppDembel */,
			);
		};
/* End PBXProject section */

/* Begin PBXResourcesBuildPhase section */
		5AB8E5B81C4F6A330062688E /* Resources */ = {
			isa = PBXResourcesBuildPhase;
			buildActionMask = 2147483647;
			files = (
				5AB8E5CD1C4F6A330062688E /* LaunchScreen.storyboard in Resources */,
				5AB8E5CA1C4F6A330062688E /* Assets.xcassets in Resources */,
				5AB8E5C81C4F6A330062688E /* Main.storyboard in Resources */,
			);
			runOnlyForDeploymentPostprocessing = 0;
		};
/* End PBXResourcesBuildPhase section */

/* Begin PBXSourcesBuildPhase section */
		5AB8E5B61C4F6A330062688E /* Sources */ = {
			isa = PBXSourcesBuildPhase;
			buildActionMask = 2147483647;
			files = (
				5A4B9B6A1C5AA511000A7537 /* People.m in Sources */,
				5AB8E5C51C4F6A330062688E /* ViewController.m in Sources */,
				5AB8E5C21C4F6A330062688E /* AppDelegate.m in Sources */,
				5A3F00551C6B255A00054BDD /* DetailViewController.m in Sources */,
				5A20BA691C615B0100F127DB /* AddViewController.m in Sources */,
				5AB8E5DB1C4FDA970062688E /* Person.m in Sources */,
				5AB8E5D61C4F6E1C0062688E /* PeopleStore.m in Sources */,
				5A3F00581C6BD70900054BDD /* DateUtils.m in Sources */,
				5AB8E5BF1C4F6A330062688E /* main.m in Sources */,
			);
			runOnlyForDeploymentPostprocessing = 0;
		};
/* End PBXSourcesBuildPhase section */

/* Begin PBXVariantGroup section */
		5AB8E5C61C4F6A330062688E /* Main.storyboard */ = {
			isa = PBXVariantGroup;
			children = (
				5AB8E5C71C4F6A330062688E /* Base */,
			);
			name = Main.storyboard;
			sourceTree = "<group>";
		};
		5AB8E5CB1C4F6A330062688E /* LaunchScreen.storyboard */ = {
			isa = PBXVariantGroup;
			children = (
				5AB8E5CC1C4F6A330062688E /* Base */,
			);
			name = LaunchScreen.storyboard;
			sourceTree = "<group>";
		};
/* End PBXVariantGroup section */

/* Begin XCBuildConfiguration section */
		5AB8E5CF1C4F6A330062688E /* Debug */ = {
			isa = XCBuildConfiguration;
			buildSettings = {
				ALWAYS_SEARCH_USER_PATHS = NO;
				CLANG_CXX_LANGUAGE_STANDARD = "gnu++0x";
				CLANG_CXX_LIBRARY = "libc++";
				CLANG_ENABLE_MODULES = YES;
				CLANG_ENABLE_OBJC_ARC = YES;
				CLANG_WARN_BOOL_CONVERSION = YES;
				CLANG_WARN_CONSTANT_CONVERSION = YES;
				CLANG_WARN_DIRECT_OBJC_ISA_USAGE = YES_ERROR;
				CLANG_WARN_EMPTY_BODY = YES;
				CLANG_WARN_ENUM_CONVERSION = YES;
				CLANG_WARN_INT_CONVERSION = YES;
				CLANG_WARN_OBJC_ROOT_CLASS = YES_ERROR;
				CLANG_WARN_UNREACHABLE_CODE = YES;
				CLANG_WARN__DUPLICATE_METHOD_MATCH = YES;
				"CODE_SIGN_IDENTITY[sdk=iphoneos*]" = "iPhone Developer";
				COPY_PHASE_STRIP = NO;
				DEBUG_INFORMATION_FORMAT = dwarf;
				ENABLE_STRICT_OBJC_MSGSEND = YES;
				ENABLE_TESTABILITY = YES;
				GCC_C_LANGUAGE_STANDARD = gnu99;
				GCC_DYNAMIC_NO_PIC = NO;
				GCC_NO_COMMON_BLOCKS = YES;
				GCC_OPTIMIZATION_LEVEL = 0;
				GCC_PREPROCESSOR_DEFINITIONS = (
					"DEBUG=1",
					"$(inherited)",
				);
				GCC_WARN_64_TO_32_BIT_CONVERSION = YES;
				GCC_WARN_ABOUT_RETURN_TYPE = YES_ERROR;
				GCC_WARN_UNDECLARED_SELECTOR = YES;
				GCC_WARN_UNINITIALIZED_AUTOS = YES_AGGRESSIVE;
				GCC_WARN_UNUSED_FUNCTION = YES;
				GCC_WARN_UNUSED_VARIABLE = YES;
				IPHONEOS_DEPLOYMENT_TARGET = 9.2;
				MTL_ENABLE_DEBUG_INFO = YES;
				ONLY_ACTIVE_ARCH = YES;
				SDKROOT = iphoneos;
			};
			name = Debug;
		};
		5AB8E5D01C4F6A330062688E /* Release */ = {
			isa = XCBuildConfiguration;
			buildSettings = {
				ALWAYS_SEARCH_USER_PATHS = NO;
				CLANG_CXX_LANGUAGE_STANDARD = "gnu++0x";
				CLANG_CXX_LIBRARY = "libc++";
				CLANG_ENABLE_MODULES = YES;
				CLANG_ENABLE_OBJC_ARC = YES;
				CLANG_WARN_BOOL_CONVERSION = YES;
				CLANG_WARN_CONSTANT_CONVERSION = YES;
				CLANG_WARN_DIRECT_OBJC_ISA_USAGE = YES_ERROR;
				CLANG_WARN_EMPTY_BODY = YES;
				CLANG_WARN_ENUM_CONVERSION = YES;
				CLANG_WARN_INT_CONVERSION = YES;
				CLANG_WARN_OBJC_ROOT_CLASS = YES_ERROR;
				CLANG_WARN_UNREACHABLE_CODE = YES;
				CLANG_WARN__DUPLICATE_METHOD_MATCH = YES;
				"CODE_SIGN_IDENTITY[sdk=iphoneos*]" = "iPhone Developer";
				COPY_PHASE_STRIP = NO;
				DEBUG_INFORMATION_FORMAT = "dwarf-with-dsym";
				ENABLE_NS_ASSERTIONS = NO;
				ENABLE_STRICT_OBJC_MSGSEND = YES;
				GCC_C_LANGUAGE_STANDARD = gnu99;
				GCC_NO_COMMON_BLOCKS = YES;
				GCC_WARN_64_TO_32_BIT_CONVERSION = YES;
				GCC_WARN_ABOUT_RETURN_TYPE = YES_ERROR;
				GCC_WARN_UNDECLARED_SELECTOR = YES;
				GCC_WARN_UNINITIALIZED_AUTOS = YES_AGGRESSIVE;
				GCC_WARN_UNUSED_FUNCTION = YES;
				GCC_WARN_UNUSED_VARIABLE = YES;
				IPHONEOS_DEPLOYMENT_TARGET = 9.2;
				MTL_ENABLE_DEBUG_INFO = NO;
				SDKROOT = iphoneos;
				VALIDATE_PRODUCT = YES;
			};
			name = Release;
		};
		5AB8E5D21C4F6A330062688E /* Debug */ = {
			isa = XCBuildConfiguration;
			buildSettings = {
				ASSETCATALOG_COMPILER_APPICON_NAME = AppIcon;
				INFOPLIST_FILE = AppDembel/Info.plist;
				LD_RUNPATH_SEARCH_PATHS = "$(inherited) @executable_path/Frameworks";
				PRODUCT_BUNDLE_IDENTIFIER = YellowKing.AppDembel;
				PRODUCT_NAME = "$(TARGET_NAME)";
			};
			name = Debug;
		};
		5AB8E5D31C4F6A330062688E /* Release */ = {
			isa = XCBuildConfiguration;
			buildSettings = {
				ASSETCATALOG_COMPILER_APPICON_NAME = AppIcon;
				INFOPLIST_FILE = AppDembel/Info.plist;
				LD_RUNPATH_SEARCH_PATHS = "$(inherited) @executable_path/Frameworks";
				PRODUCT_BUNDLE_IDENTIFIER = YellowKing.AppDembel;
				PRODUCT_NAME = "$(TARGET_NAME)";
			};
			name = Release;
		};
/* End XCBuildConfiguration section */

/* Begin XCConfigurationList section */
		5AB8E5B51C4F6A330062688E /* Build configuration list for PBXProject "AppDembel" */ = {
			isa = XCConfigurationList;
			buildConfigurations = (
				5AB8E5CF1C4F6A330062688E /* Debug */,
				5AB8E5D01C4F6A330062688E /* Release */,
			);
			defaultConfigurationIsVisible = 0;
			defaultConfigurationName = Release;
		};
		5AB8E5D11C4F6A330062688E /* Build configuration list for PBXNativeTarget "AppDembel" */ = {
			isa = XCConfigurationList;
			buildConfigurations = (
				5AB8E5D21C4F6A330062688E /* Debug */,
				5AB8E5D31C4F6A330062688E /* Release */,
			);
			defaultConfigurationIsVisible = 0;
			defaultConfigurationName = Release;
		};
/* End XCConfigurationList section */
	};
	rootObject = 5AB8E5B21C4F6A330062688E /* Project object */;
}
